
Microsoft Visual Studio Solution File, Format Version 12.00
Project("{2150E333-8FDC-42A3-9474-1A3956D46DE8}") = "src", "src", "{7E267EE3-A908-4856-94F3-9ED9CD749C07}"
EndProject
Project("{FAE04EC0-301F-11D3-BF4B-00C04F79EFBC}") = "CodeRunner.Common", "src\CodeRunner.Common\CodeRunner.Common.csproj", "{8624606C-DC67-404B-8130-97DF3DFE0D56}"
EndProject
Project("{FAE04EC0-301F-11D3-BF4B-00C04F79EFBC}") = "CodeRunner.Executor", "src\CodeRunner.Executor\CodeRunner.Executor.csproj", "{6075ED1B-4D72-4585-A263-D1CA3BFE2BCA}"
EndProject
Project("{FAE04EC0-301F-11D3-BF4B-00C04F79EFBC}") = "CodeRunner.Worker", "src\CodeRunner.Worker\CodeRunner.Worker.csproj", "{6F16FCC4-0BCE-4E42-A094-C9696681DD50}"
EndProject
Global
	GlobalSection(SolutionConfigurationPlatforms) = preSolution
		Debug|Any CPU = Debug|Any CPU
		Release|Any CPU = Release|Any CPU
	EndGlobalSection
	GlobalSection(NestedProjects) = preSolution
		{8624606C-DC67-404B-8130-97DF3DFE0D56} = {7E267EE3-A908-4856-94F3-9ED9CD749C07}
		{6075ED1B-4D72-4585-A263-D1CA3BFE2BCA} = {7E267EE3-A908-4856-94F3-9ED9CD749C07}
		{6F16FCC4-0BCE-4E42-A094-C9696681DD50} = {7E267EE3-A908-4856-94F3-9ED9CD749C07}
	EndGlobalSection
	GlobalSection(ProjectConfigurationPlatforms) = postSolution
		{8624606C-DC67-404B-8130-97DF3DFE0D56}.Debug|Any CPU.ActiveCfg = Debug|Any CPU
		{8624606C-DC67-404B-8130-97DF3DFE0D56}.Debug|Any CPU.Build.0 = Debug|Any CPU
		{8624606C-DC67-404B-8130-97DF3DFE0D56}.Release|Any CPU.ActiveCfg = Release|Any CPU
		{8624606C-DC67-404B-8130-97DF3DFE0D56}.Release|Any CPU.Build.0 = Release|Any CPU
		{6075ED1B-4D72-4585-A263-D1CA3BFE2BCA}.Debug|Any CPU.ActiveCfg = Debug|Any CPU
		{6075ED1B-4D72-4585-A263-D1CA3BFE2BCA}.Debug|Any CPU.Build.0 = Debug|Any CPU
		{6075ED1B-4D72-4585-A263-D1CA3BFE2BCA}.Release|Any CPU.ActiveCfg = Release|Any CPU
		{6075ED1B-4D72-4585-A263-D1CA3BFE2BCA}.Release|Any CPU.Build.0 = Release|Any CPU
		{6F16FCC4-0BCE-4E42-A094-C9696681DD50}.Debug|Any CPU.ActiveCfg = Debug|Any CPU
		{6F16FCC4-0BCE-4E42-A094-C9696681DD50}.Debug|Any CPU.Build.0 = Debug|Any CPU
		{6F16FCC4-0BCE-4E42-A094-C9696681DD50}.Release|Any CPU.ActiveCfg = Release|Any CPU
		{6F16FCC4-0BCE-4E42-A094-C9696681DD50}.Release|Any CPU.Build.0 = Release|Any CPU
	EndGlobalSection
EndGlobal
